
Microsoft Visual Studio Solution File, Format Version 12.00
# Visual Studio Version 17
VisualStudioVersion = 17.6.33815.320
MinimumVisualStudioVersion = 10.0.40219.1
Project("{FAE04EC0-301F-11D3-BF4B-00C04F79EFBC}") = "BookLibrary", "BookLibrary\BookLibrary.csproj", "{89321BD3-74F4-4620-BBCC-22A7CD5936EC}"
EndProject
Project("{FAE04EC0-301F-11D3-BF4B-00C04F79EFBC}") = "BookTests", "BookTests\BookTests.csproj", "{AF70907F-AD5E-4C8B-B70D-CB2CCBD5D5F6}"
EndProject
Global
	GlobalSection(SolutionConfigurationPlatforms) = preSolution
		Debug|Any CPU = Debug|Any CPU
		Release|Any CPU = Release|Any CPU
	EndGlobalSection
	GlobalSection(ProjectConfigurationPlatforms) = postSolution
		{89321BD3-74F4-4620-BBCC-22A7CD5936EC}.Debug|Any CPU.ActiveCfg = Debug|Any CPU
		{89321BD3-74F4-4620-BBCC-22A7CD5936EC}.Debug|Any CPU.Build.0 = Debug|Any CPU
		{89321BD3-74F4-4620-BBCC-22A7CD5936EC}.Release|Any CPU.ActiveCfg = Release|Any CPU
		{89321BD3-74F4-4620-BBCC-22A7CD5936EC}.Release|Any CPU.Build.0 = Release|Any CPU
		{AF70907F-AD5E-4C8B-B70D-CB2CCBD5D5F6}.Debug|Any CPU.ActiveCfg = Debug|Any CPU
		{AF70907F-AD5E-4C8B-B70D-CB2CCBD5D5F6}.Debug|Any CPU.Build.0 = Debug|Any CPU
		{AF70907F-AD5E-4C8B-B70D-CB2CCBD5D5F6}.Release|Any CPU.ActiveCfg = Release|Any CPU
		{AF70907F-AD5E-4C8B-B70D-CB2CCBD5D5F6}.Release|Any CPU.Build.0 = Release|Any CPU
	EndGlobalSection
	GlobalSection(SolutionProperties) = preSolution
		HideSolutionNode = FALSE
	EndGlobalSection
	GlobalSection(ExtensibilityGlobals) = postSolution
		SolutionGuid = {E47F7897-004C-4FC4-A6C8-B1BA71589FBA}
	EndGlobalSection
EndGlobal
